
Microsoft Visual Studio Solution File, Format Version 12.00
# Visual Studio Version 16
VisualStudioVersion = 16.0.30128.74
MinimumVisualStudioVersion = 10.0.40219.1
Project("{FAE04EC0-301F-11D3-BF4B-00C04F79EFBC}") = "PetShop", "PetShop\PetShop.csproj", "{8EF11E4E-F7F1-4DF9-9B3E-B42DA966FEF6}"
EndProject
Global
	GlobalSection(SolutionConfigurationPlatforms) = preSolution
		Debug|Any CPU = Debug|Any CPU
		Release|Any CPU = Release|Any CPU
	EndGlobalSection
	GlobalSection(ProjectConfigurationPlatforms) = postSolution
		{8EF11E4E-F7F1-4DF9-9B3E-B42DA966FEF6}.Debug|Any CPU.ActiveCfg = Debug|Any CPU
		{8EF11E4E-F7F1-4DF9-9B3E-B42DA966FEF6}.Debug|Any CPU.Build.0 = Debug|Any CPU
		{8EF11E4E-F7F1-4DF9-9B3E-B42DA966FEF6}.Release|Any CPU.ActiveCfg = Release|Any CPU
		{8EF11E4E-F7F1-4DF9-9B3E-B42DA966FEF6}.Release|Any CPU.Build.0 = Release|Any CPU
	EndGlobalSection
	GlobalSection(SolutionProperties) = preSolution
		HideSolutionNode = FALSE
	EndGlobalSection
	GlobalSection(ExtensibilityGlobals) = postSolution
		SolutionGuid = {B5F4DDCA-78F7-4DDF-BFB0-1DC71E0EFFE3}
	EndGlobalSection
EndGlobal
